<?xml version="1.0" encoding="UTF-8"?>
<Scheme
   version = "1.3">
   <BuildAction>
      <BuildActionEntries>
         <BuildActionEntry
            buildForRunning = "YES">
            <BuildableReference
               BuildableIdentifier = "primary"
               BlueprintIdentifier = "687232F7221C5FF6003F999A"
               BuildableName = "snapKitTutorial.app"
               BlueprintName = "snapKitTutorial"
               ReferencedContainer = "container:snapKitTutorial.xcodeproj">
            </BuildableReference>
         </BuildActionEntry>
      </BuildActionEntries>
   </BuildAction>
   <LaunchAction
      useCustomWorkingDirectory = "NO"
      buildConfiguration = "Debug"
      allowLocationSimulation = "YES">
      <BuildableProductRunnable>
         <BuildableReference
            BuildableIdentifier = "primary"
            BlueprintIdentifier = "687232F7221C5FF6003F999A"
            BuildableName = "snapKitTutorial.app"
            BlueprintName = "snapKitTutorial"
            ReferencedContainer = "container:snapKitTutorial.xcodeproj">
         </BuildableReference>
      </BuildableProductRunnable>
   </LaunchAction>
</Scheme>
